
Microsoft Visual Studio Solution File, Format Version 12.00
# Visual Studio Version 17
VisualStudioVersion = 17.0.32126.317
MinimumVisualStudioVersion = 10.0.40219.1
Project("{9A19103F-16F7-4668-BE54-9A1E7A4F7556}") = "pomodoro", "pomodoro.csproj", "{01FDA8E3-3622-4A1A-A28E-6A1726861CC1}"
EndProject
Global
	GlobalSection(SolutionConfigurationPlatforms) = preSolution
		Debug|Any CPU = Debug|Any CPU
		Release|Any CPU = Release|Any CPU
	EndGlobalSection
	GlobalSection(ProjectConfigurationPlatforms) = postSolution
		{01FDA8E3-3622-4A1A-A28E-6A1726861CC1}.Debug|Any CPU.ActiveCfg = Debug|Any CPU
		{01FDA8E3-3622-4A1A-A28E-6A1726861CC1}.Debug|Any CPU.Build.0 = Debug|Any CPU
		{01FDA8E3-3622-4A1A-A28E-6A1726861CC1}.Release|Any CPU.ActiveCfg = Release|Any CPU
		{01FDA8E3-3622-4A1A-A28E-6A1726861CC1}.Release|Any CPU.Build.0 = Release|Any CPU
	EndGlobalSection
	GlobalSection(SolutionProperties) = preSolution
		HideSolutionNode = FALSE
	EndGlobalSection
	GlobalSection(ExtensibilityGlobals) = postSolution
		SolutionGuid = {78A7AB8D-8D73-4B3D-ACDE-F4CC9E943929}
	EndGlobalSection
EndGlobal
